// !$*UTF8*$!
{
	archiveVersion = 1;
	classes = {
	};
	objectVersion = 48;
	objects = {

/* Begin PBXBuildFile section */
		B80796D91FC3BA41006A542B /* AppDelegate.swift in Sources */ = {isa = PBXBuildFile; fileRef = B80796D81FC3BA41006A542B /* AppDelegate.swift */; };
		B80796DB1FC3BA41006A542B /* ConcentrationViewController.swift in Sources */ = {isa = PBXBuildFile; fileRef = B80796DA1FC3BA41006A542B /* ConcentrationViewController.swift */; };
		B80796DE1FC3BA41006A542B /* Main.storyboard in Resources */ = {isa = PBXBuildFile; fileRef = B80796DC1FC3BA41006A542B /* Main.storyboard */; };
		B80796E01FC3BA41006A542B /* Assets.xcassets in Resources */ = {isa = PBXBuildFile; fileRef = B80796DF1FC3BA41006A542B /* Assets.xcassets */; };
		B80796E31FC3BA41006A542B /* LaunchScreen.storyboard in Resources */ = {isa = PBXBuildFile; fileRef = B80796E11FC3BA41006A542B /* LaunchScreen.storyboard */; };
		B80796EC1FC495A3006A542B /* Concentration.swift in Sources */ = {isa = PBXBuildFile; fileRef = B80796EB1FC495A3006A542B /* Concentration.swift */; };
		B80796EE1FC4997B006A542B /* Card.swift in Sources */ = {isa = PBXBuildFile; fileRef = B80796ED1FC4997B006A542B /* Card.swift */; };
		B8949ED01FE47B5D00B4B804 /* ConcentrationThemeChooserViewController.swift in Sources */ = {isa = PBXBuildFile; fileRef = B8949ECF1FE47B5D00B4B804 /* ConcentrationThemeChooserViewController.swift */; };
/* End PBXBuildFile section */

/* Begin PBXFileReference section */
		B80796D51FC3BA41006A542B /* Concentration.app */ = {isa = PBXFileReference; explicitFileType = wrapper.application; includeInIndex = 0; path = Concentration.app; sourceTree = BUILT_PRODUCTS_DIR; };
		B80796D81FC3BA41006A542B /* AppDelegate.swift */ = {isa = PBXFileReference; lastKnownFileType = sourcecode.swift; path = AppDelegate.swift; sourceTree = "<group>"; };
		B80796DA1FC3BA41006A542B /* ConcentrationViewController.swift */ = {isa = PBXFileReference; lastKnownFileType = sourcecode.swift; path = ConcentrationViewController.swift; sourceTree = "<group>"; };
		B80796DD1FC3BA41006A542B /* Base */ = {isa = PBXFileReference; lastKnownFileType = file.storyboard; name = Base; path = Base.lproj/Main.storyboard; sourceTree = "<group>"; };
		B80796DF1FC3BA41006A542B /* Assets.xcassets */ = {isa = PBXFileReference; lastKnownFileType = folder.assetcatalog; path = Assets.xcassets; sourceTree = "<group>"; };
		B80796E21FC3BA41006A542B /* Base */ = {isa = PBXFileReference; lastKnownFileType = file.storyboard; name = Base; path = Base.lproj/LaunchScreen.storyboard; sourceTree = "<group>"; };
		B80796E41FC3BA41006A542B /* Info.plist */ = {isa = PBXFileReference; lastKnownFileType = text.plist.xml; path = Info.plist; sourceTree = "<group>"; };
		B80796EB1FC495A3006A542B /* Concentration.swift */ = {isa = PBXFileReference; lastKnownFileType = sourcecode.swift; path = Concentration.swift; sourceTree = "<group>"; };
		B80796ED1FC4997B006A542B /* Card.swift */ = {isa = PBXFileReference; lastKnownFileType = sourcecode.swift; path = Card.swift; sourceTree = "<group>"; };
		B8949ECF1FE47B5D00B4B804 /* ConcentrationThemeChooserViewController.swift */ = {isa = PBXFileReference; lastKnownFileType = sourcecode.swift; path = ConcentrationThemeChooserViewController.swift; sourceTree = "<group>"; };
/* End PBXFileReference section */

/* Begin PBXFrameworksBuildPhase section */
		B80796D21FC3BA41006A542B /* Frameworks */ = {
			isa = PBXFrameworksBuildPhase;
			buildActionMask = 2147483647;
			files = (
			);
			runOnlyForDeploymentPostprocessing = 0;
		};
/* End PBXFrameworksBuildPhase section */

/* Begin PBXGroup section */
		B80796CC1FC3BA41006A542B = {
			isa = PBXGroup;
			children = (
				B80796D71FC3BA41006A542B /* Concentration */,
				B80796D61FC3BA41006A542B /* Products */,
			);
			sourceTree = "<group>";
		};
		B80796D61FC3BA41006A542B /* Products */ = {
			isa = PBXGroup;
			children = (
				B80796D51FC3BA41006A542B /* Concentration.app */,
			);
			name = Products;
			sourceTree = "<group>";
		};
		B80796D71FC3BA41006A542B /* Concentration */ = {
			isa = PBXGroup;
			children = (
				B80796EA1FC3D270006A542B /* Supporting Files */,
				B80796DA1FC3BA41006A542B /* ConcentrationViewController.swift */,
				B80796DC1FC3BA41006A542B /* Main.storyboard */,
				B80796E41FC3BA41006A542B /* Info.plist */,
				B80796EB1FC495A3006A542B /* Concentration.swift */,
				B80796ED1FC4997B006A542B /* Card.swift */,
				B8949ECF1FE47B5D00B4B804 /* ConcentrationThemeChooserViewController.swift */,
			);
			path = Concentration;
			sourceTree = "<group>";
		};
		B80796EA1FC3D270006A542B /* Supporting Files */ = {
			isa = PBXGroup;
			children = (
				B80796E11FC3BA41006A542B /* LaunchScreen.storyboard */,
				B80796DF1FC3BA41006A542B /* Assets.xcassets */,
				B80796D81FC3BA41006A542B /* AppDelegate.swift */,
			);
			path = "Supporting Files";
			sourceTree = "<group>";
		};
/* End PBXGroup section */

/* Begin PBXNativeTarget section */
		B80796D41FC3BA41006A542B /* Concentration */ = {
			isa = PBXNativeTarget;
			buildConfigurationList = B80796E71FC3BA41006A542B /* Build configuration list for PBXNativeTarget "Concentration" */;
			buildPhases = (
				B80796D11FC3BA41006A542B /* Sources */,
				B80796D21FC3BA41006A542B /* Frameworks */,
				B80796D31FC3BA41006A542B /* Resources */,
			);
			buildRules = (
			);
			dependencies = (
			);
			name = Concentration;
			productName = Concentration;
			productReference = B80796D51FC3BA41006A542B /* Concentration.app */;
			productType = "com.apple.product-type.application";
		};
/* End PBXNativeTarget section */

/* Begin PBXProject section */
		B80796CD1FC3BA41006A542B /* Project object */ = {
			isa = PBXProject;
			attributes = {
				LastSwiftUpdateCheck = 0900;
				LastUpgradeCheck = 0900;
				ORGANIZATIONNAME = JCSwifty;
				TargetAttributes = {
					B80796D41FC3BA41006A542B = {
						CreatedOnToolsVersion = 9.0;
						ProvisioningStyle = Automatic;
					};
				};
			};
			buildConfigurationList = B80796D01FC3BA41006A542B /* Build configuration list for PBXProject "Concentration" */;
			compatibilityVersion = "Xcode 8.0";
			developmentRegion = en;
			hasScannedForEncodings = 0;
			knownRegions = (
				en,
				Base,
			);
			mainGroup = B80796CC1FC3BA41006A542B;
			productRefGroup = B80796D61FC3BA41006A542B /* Products */;
			projectDirPath = "";
			projectRoot = "";
			targets = (
				B80796D41FC3BA41006A542B /* Concentration */,
			);
		};
/* End PBXProject section */

/* Begin PBXResourcesBuildPhase section */
		B80796D31FC3BA41006A542B /* Resources */ = {
			isa = PBXResourcesBuildPhase;
			buildActionMask = 2147483647;
			files = (
				B80796E31FC3BA41006A542B /* LaunchScreen.storyboard in Resources */,
				B80796E01FC3BA41006A542B /* Assets.xcassets in Resources */,
				B80796DE1FC3BA41006A542B /* Main.storyboard in Resources */,
			);
			runOnlyForDeploymentPostprocessing = 0;
		};
/* End PBXResourcesBuildPhase section */

/* Begin PBXSourcesBuildPhase section */
		B80796D11FC3BA41006A542B /* Sources */ = {
			isa = PBXSourcesBuildPhase;
			buildActionMask = 2147483647;
			files = (
				B8949ED01FE47B5D00B4B804 /* ConcentrationThemeChooserViewController.swift in Sources */,
				B80796DB1FC3BA41006A542B /* ConcentrationViewController.swift in Sources */,
				B80796D91FC3BA41006A542B /* AppDelegate.swift in Sources */,
				B80796EC1FC495A3006A542B /* Concentration.swift in Sources */,
				B80796EE1FC4997B006A542B /* Card.swift in Sources */,
			);
			runOnlyForDeploymentPostprocessing = 0;
		};
/* End PBXSourcesBuildPhase section */

/* Begin PBXVariantGroup section */
		B80796DC1FC3BA41006A542B /* Main.storyboard */ = {
			isa = PBXVariantGroup;
			children = (
				B80796DD1FC3BA41006A542B /* Base */,
			);
			name = Main.storyboard;
			sourceTree = "<group>";
		};
		B80796E11FC3BA41006A542B /* LaunchScreen.storyboard */ = {
			isa = PBXVariantGroup;
			children = (
				B80796E21FC3BA41006A542B /* Base */,
			);
			name = LaunchScreen.storyboard;
			sourceTree = "<group>";
		};
/* End PBXVariantGroup section */

/* Begin XCBuildConfiguration section */
		B80796E51FC3BA41006A542B /* Debug */ = {
			isa = XCBuildConfiguration;
			buildSettings = {
				ALWAYS_SEARCH_USER_PATHS = NO;
				CLANG_ANALYZER_NONNULL = YES;
				CLANG_ANALYZER_NUMBER_OBJECT_CONVERSION = YES_AGGRESSIVE;
				CLANG_CXX_LANGUAGE_STANDARD = "gnu++14";
				CLANG_CXX_LIBRARY = "libc++";
				CLANG_ENABLE_MODULES = YES;
				CLANG_ENABLE_OBJC_ARC = YES;
				CLANG_WARN_BLOCK_CAPTURE_AUTORELEASING = YES;
				CLANG_WARN_BOOL_CONVERSION = YES;
				CLANG_WARN_COMMA = YES;
				CLANG_WARN_CONSTANT_CONVERSION = YES;
				CLANG_WARN_DIRECT_OBJC_ISA_USAGE = YES_ERROR;
				CLANG_WARN_DOCUMENTATION_COMMENTS = YES;
				CLANG_WARN_EMPTY_BODY = YES;
				CLANG_WARN_ENUM_CONVERSION = YES;
				CLANG_WARN_INFINITE_RECURSION = YES;
				CLANG_WARN_INT_CONVERSION = YES;
				CLANG_WARN_NON_LITERAL_NULL_CONVERSION = YES;
				CLANG_WARN_OBJC_LITERAL_CONVERSION = YES;
				CLANG_WARN_OBJC_ROOT_CLASS = YES_ERROR;
				CLANG_WARN_RANGE_LOOP_ANALYSIS = YES;
				CLANG_WARN_STRICT_PROTOTYPES = YES;
				CLANG_WARN_SUSPICIOUS_MOVE = YES;
				CLANG_WARN_UNGUARDED_AVAILABILITY = YES_AGGRESSIVE;
				CLANG_WARN_UNREACHABLE_CODE = YES;
				CLANG_WARN__DUPLICATE_METHOD_MATCH = YES;
				CODE_SIGN_IDENTITY = "iPhone Developer";
				COPY_PHASE_STRIP = NO;
				DEBUG_INFORMATION_FORMAT = dwarf;
				ENABLE_STRICT_OBJC_MSGSEND = YES;
				ENABLE_TESTABILITY = YES;
				GCC_C_LANGUAGE_STANDARD = gnu11;
				GCC_DYNAMIC_NO_PIC = NO;
				GCC_NO_COMMON_BLOCKS = YES;
				GCC_OPTIMIZATION_LEVEL = 0;
				GCC_PREPROCESSOR_DEFINITIONS = (
					"DEBUG=1",
					"$(inherited)",
				);
				GCC_WARN_64_TO_32_BIT_CONVERSION = YES;
				GCC_WARN_ABOUT_RETURN_TYPE = YES_ERROR;
				GCC_WARN_UNDECLARED_SELECTOR = YES;
				GCC_WARN_UNINITIALIZED_AUTOS = YES_AGGRESSIVE;
				GCC_WARN_UNUSED_FUNCTION = YES;
				GCC_WARN_UNUSED_VARIABLE = YES;
				IPHONEOS_DEPLOYMENT_TARGET = 11.0;
				MTL_ENABLE_DEBUG_INFO = YES;
				ONLY_ACTIVE_ARCH = YES;
				SDKROOT = iphoneos;
				SWIFT_ACTIVE_COMPILATION_CONDITIONS = DEBUG;
				SWIFT_OPTIMIZATION_LEVEL = "-Onone";
			};
			name = Debug;
		};
		B80796E61FC3BA41006A542B /* Release */ = {
			isa = XCBuildConfiguration;
			buildSettings = {
				ALWAYS_SEARCH_USER_PATHS = NO;
				CLANG_ANALYZER_NONNULL = YES;
				CLANG_ANALYZER_NUMBER_OBJECT_CONVERSION = YES_AGGRESSIVE;
				CLANG_CXX_LANGUAGE_STANDARD = "gnu++14";
				CLANG_CXX_LIBRARY = "libc++";
				CLANG_ENABLE_MODULES = YES;
				CLANG_ENABLE_OBJC_ARC = YES;
				CLANG_WARN_BLOCK_CAPTURE_AUTORELEASING = YES;
				CLANG_WARN_BOOL_CONVERSION = YES;
				CLANG_WARN_COMMA = YES;
				CLANG_WARN_CONSTANT_CONVERSION = YES;
				CLANG_WARN_DIRECT_OBJC_ISA_USAGE = YES_ERROR;
				CLANG_WARN_DOCUMENTATION_COMMENTS = YES;
				CLANG_WARN_EMPTY_BODY = YES;
				CLANG_WARN_ENUM_CONVERSION = YES;
				CLANG_WARN_INFINITE_RECURSION = YES;
				CLANG_WARN_INT_CONVERSION = YES;
				CLANG_WARN_NON_LITERAL_NULL_CONVERSION = YES;
				CLANG_WARN_OBJC_LITERAL_CONVERSION = YES;
				CLANG_WARN_OBJC_ROOT_CLASS = YES_ERROR;
				CLANG_WARN_RANGE_LOOP_ANALYSIS = YES;
				CLANG_WARN_STRICT_PROTOTYPES = YES;
				CLANG_WARN_SUSPICIOUS_MOVE = YES;
				CLANG_WARN_UNGUARDED_AVAILABILITY = YES_AGGRESSIVE;
				CLANG_WARN_UNREACHABLE_CODE = YES;
				CLANG_WARN__DUPLICATE_METHOD_MATCH = YES;
				CODE_SIGN_IDENTITY = "iPhone Developer";
				COPY_PHASE_STRIP = NO;
				DEBUG_INFORMATION_FORMAT = "dwarf-with-dsym";
				ENABLE_NS_ASSERTIONS = NO;
				ENABLE_STRICT_OBJC_MSGSEND = YES;
				GCC_C_LANGUAGE_STANDARD = gnu11;
				GCC_NO_COMMON_BLOCKS = YES;
				GCC_WARN_64_TO_32_BIT_CONVERSION = YES;
				GCC_WARN_ABOUT_RETURN_TYPE = YES_ERROR;
				GCC_WARN_UNDECLARED_SELECTOR = YES;
				GCC_WARN_UNINITIALIZED_AUTOS = YES_AGGRESSIVE;
				GCC_WARN_UNUSED_FUNCTION = YES;
				GCC_WARN_UNUSED_VARIABLE = YES;
				IPHONEOS_DEPLOYMENT_TARGET = 11.0;
				MTL_ENABLE_DEBUG_INFO = NO;
				SDKROOT = iphoneos;
				SWIFT_OPTIMIZATION_LEVEL = "-Owholemodule";
				VALIDATE_PRODUCT = YES;
			};
			name = Release;
		};
		B80796E81FC3BA41006A542B /* Debug */ = {
			isa = XCBuildConfiguration;
			buildSettings = {
				ASSETCATALOG_COMPILER_APPICON_NAME = AppIcon;
				CODE_SIGN_STYLE = Automatic;
				DEVELOPMENT_TEAM = 3L8W3EB4SJ;
				INFOPLIST_FILE = Concentration/Info.plist;
				LD_RUNPATH_SEARCH_PATHS = "$(inherited) @executable_path/Frameworks";
				PRODUCT_BUNDLE_IDENTIFIER = com.jcswifty.Concentration;
				PRODUCT_NAME = "$(TARGET_NAME)";
				SWIFT_VERSION = 4.0;
				TARGETED_DEVICE_FAMILY = "1,2";
			};
			name = Debug;
		};
		B80796E91FC3BA41006A542B /* Release */ = {
			isa = XCBuildConfiguration;
			buildSettings = {
				ASSETCATALOG_COMPILER_APPICON_NAME = AppIcon;
				CODE_SIGN_STYLE = Automatic;
				DEVELOPMENT_TEAM = 3L8W3EB4SJ;
				INFOPLIST_FILE = Concentration/Info.plist;
				LD_RUNPATH_SEARCH_PATHS = "$(inherited) @executable_path/Frameworks";
				PRODUCT_BUNDLE_IDENTIFIER = com.jcswifty.Concentration;
				PRODUCT_NAME = "$(TARGET_NAME)";
				SWIFT_VERSION = 4.0;
				TARGETED_DEVICE_FAMILY = "1,2";
			};
			name = Release;
		};
/* End XCBuildConfiguration section */

/* Begin XCConfigurationList section */
		B80796D01FC3BA41006A542B /* Build configuration list for PBXProject "Concentration" */ = {
			isa = XCConfigurationList;
			buildConfigurations = (
				B80796E51FC3BA41006A542B /* Debug */,
				B80796E61FC3BA41006A542B /* Release */,
			);
			defaultConfigurationIsVisible = 0;
			defaultConfigurationName = Release;
		};
		B80796E71FC3BA41006A542B /* Build configuration list for PBXNativeTarget "Concentration" */ = {
			isa = XCConfigurationList;
			buildConfigurations = (
				B80796E81FC3BA41006A542B /* Debug */,
				B80796E91FC3BA41006A542B /* Release */,
			);
			defaultConfigurationIsVisible = 0;
			defaultConfigurationName = Release;
		};
/* End XCConfigurationList section */
	};
	rootObject = B80796CD1FC3BA41006A542B /* Project object */;
}
